
Microsoft Visual Studio Solution File, Format Version 12.00
# Visual Studio 2013
VisualStudioVersion = 12.0.21005.1
MinimumVisualStudioVersion = 10.0.40219.1
Project("{FAE04EC0-301F-11D3-BF4B-00C04F79EFBC}") = "ZelectroCom.Web", "Presentation\ZelectroCom.Web\ZelectroCom.Web.csproj", "{9B899636-2C3F-468A-AF6D-14D3DD724049}"
EndProject
Project("{FAE04EC0-301F-11D3-BF4B-00C04F79EFBC}") = "ZelectroCom.Data", "ZelectroCom.Model\ZelectroCom.Data.csproj", "{4ADAB80B-2097-40CA-84FA-D80BD2AC79BF}"
EndProject
Project("{FAE04EC0-301F-11D3-BF4B-00C04F79EFBC}") = "ZelectroCom.Service", "ZelectroCom.Service\ZelectroCom.Service.csproj", "{52EA5C9A-BB96-4A9A-BC51-227B88751AE5}"
EndProject
Project("{FAE04EC0-301F-11D3-BF4B-00C04F79EFBC}") = "ZelectroCom.Test", "ZelectroCom.Test\ZelectroCom.Test.csproj", "{F7F93F15-8D37-40F4-9F19-2A20AA0F314A}"
EndProject
Global
	GlobalSection(SolutionConfigurationPlatforms) = preSolution
		Debug|Any CPU = Debug|Any CPU
		Release|Any CPU = Release|Any CPU
	EndGlobalSection
	GlobalSection(ProjectConfigurationPlatforms) = postSolution
		{9B899636-2C3F-468A-AF6D-14D3DD724049}.Debug|Any CPU.ActiveCfg = Debug|Any CPU
		{9B899636-2C3F-468A-AF6D-14D3DD724049}.Debug|Any CPU.Build.0 = Debug|Any CPU
		{9B899636-2C3F-468A-AF6D-14D3DD724049}.Release|Any CPU.ActiveCfg = Release|Any CPU
		{9B899636-2C3F-468A-AF6D-14D3DD724049}.Release|Any CPU.Build.0 = Release|Any CPU
		{4ADAB80B-2097-40CA-84FA-D80BD2AC79BF}.Debug|Any CPU.ActiveCfg = Debug|Any CPU
		{4ADAB80B-2097-40CA-84FA-D80BD2AC79BF}.Debug|Any CPU.Build.0 = Debug|Any CPU
		{4ADAB80B-2097-40CA-84FA-D80BD2AC79BF}.Release|Any CPU.ActiveCfg = Release|Any CPU
		{4ADAB80B-2097-40CA-84FA-D80BD2AC79BF}.Release|Any CPU.Build.0 = Release|Any CPU
		{52EA5C9A-BB96-4A9A-BC51-227B88751AE5}.Debug|Any CPU.ActiveCfg = Debug|Any CPU
		{52EA5C9A-BB96-4A9A-BC51-227B88751AE5}.Debug|Any CPU.Build.0 = Debug|Any CPU
		{52EA5C9A-BB96-4A9A-BC51-227B88751AE5}.Release|Any CPU.ActiveCfg = Release|Any CPU
		{52EA5C9A-BB96-4A9A-BC51-227B88751AE5}.Release|Any CPU.Build.0 = Release|Any CPU
		{F7F93F15-8D37-40F4-9F19-2A20AA0F314A}.Debug|Any CPU.ActiveCfg = Debug|Any CPU
		{F7F93F15-8D37-40F4-9F19-2A20AA0F314A}.Debug|Any CPU.Build.0 = Debug|Any CPU
		{F7F93F15-8D37-40F4-9F19-2A20AA0F314A}.Release|Any CPU.ActiveCfg = Release|Any CPU
		{F7F93F15-8D37-40F4-9F19-2A20AA0F314A}.Release|Any CPU.Build.0 = Release|Any CPU
	EndGlobalSection
	GlobalSection(SolutionProperties) = preSolution
		HideSolutionNode = FALSE
	EndGlobalSection
EndGlobal
